// !$*UTF8*$!
{
	archiveVersion = 1;
	classes = {
	};
	objectVersion = 48;
	objects = {

/* Begin PBXBuildFile section */
		6526CA2F1F5FC3EA00EB4379 /* AppDelegate.swift in Sources */ = {isa = PBXBuildFile; fileRef = 6526CA2E1F5FC3EA00EB4379 /* AppDelegate.swift */; };
		6526CA311F5FC3EA00EB4379 /* ViewController.swift in Sources */ = {isa = PBXBuildFile; fileRef = 6526CA301F5FC3EA00EB4379 /* ViewController.swift */; };
		6526CA361F5FC3EA00EB4379 /* Assets.xcassets in Resources */ = {isa = PBXBuildFile; fileRef = 6526CA351F5FC3EA00EB4379 /* Assets.xcassets */; };
		6526CA391F5FC3EA00EB4379 /* LaunchScreen.storyboard in Resources */ = {isa = PBXBuildFile; fileRef = 6526CA371F5FC3EA00EB4379 /* LaunchScreen.storyboard */; };
		E386B405C8B81C9F57899F89 /* Pods_videoPlayer.framework in Frameworks */ = {isa = PBXBuildFile; fileRef = 7FF586F41B075246502ABCA9 /* Pods_videoPlayer.framework */; };
/* End PBXBuildFile section */

/* Begin PBXFileReference section */
		6526CA2B1F5FC3EA00EB4379 /* videoPlayer.app */ = {isa = PBXFileReference; explicitFileType = wrapper.application; includeInIndex = 0; path = videoPlayer.app; sourceTree = BUILT_PRODUCTS_DIR; };
		6526CA2E1F5FC3EA00EB4379 /* AppDelegate.swift */ = {isa = PBXFileReference; lastKnownFileType = sourcecode.swift; path = AppDelegate.swift; sourceTree = "<group>"; };
		6526CA301F5FC3EA00EB4379 /* ViewController.swift */ = {isa = PBXFileReference; lastKnownFileType = sourcecode.swift; path = ViewController.swift; sourceTree = "<group>"; };
		6526CA351F5FC3EA00EB4379 /* Assets.xcassets */ = {isa = PBXFileReference; lastKnownFileType = folder.assetcatalog; path = Assets.xcassets; sourceTree = "<group>"; };
		6526CA381F5FC3EA00EB4379 /* Base */ = {isa = PBXFileReference; lastKnownFileType = file.storyboard; name = Base; path = Base.lproj/LaunchScreen.storyboard; sourceTree = "<group>"; };
		6526CA3A1F5FC3EA00EB4379 /* Info.plist */ = {isa = PBXFileReference; lastKnownFileType = text.plist.xml; path = Info.plist; sourceTree = "<group>"; };
		7FF586F41B075246502ABCA9 /* Pods_videoPlayer.framework */ = {isa = PBXFileReference; explicitFileType = wrapper.framework; includeInIndex = 0; path = Pods_videoPlayer.framework; sourceTree = BUILT_PRODUCTS_DIR; };
		85A0CA6EE0EA20E1A32AB751 /* Pods-videoPlayer.release.xcconfig */ = {isa = PBXFileReference; includeInIndex = 1; lastKnownFileType = text.xcconfig; name = "Pods-videoPlayer.release.xcconfig"; path = "Pods/Target Support Files/Pods-videoPlayer/Pods-videoPlayer.release.xcconfig"; sourceTree = "<group>"; };
		F91AB1672328C30138BA4C88 /* Pods-videoPlayer.debug.xcconfig */ = {isa = PBXFileReference; includeInIndex = 1; lastKnownFileType = text.xcconfig; name = "Pods-videoPlayer.debug.xcconfig"; path = "Pods/Target Support Files/Pods-videoPlayer/Pods-videoPlayer.debug.xcconfig"; sourceTree = "<group>"; };
/* End PBXFileReference section */

/* Begin PBXFrameworksBuildPhase section */
		6526CA281F5FC3EA00EB4379 /* Frameworks */ = {
			isa = PBXFrameworksBuildPhase;
			buildActionMask = 2147483647;
			files = (
				E386B405C8B81C9F57899F89 /* Pods_videoPlayer.framework in Frameworks */,
			);
			runOnlyForDeploymentPostprocessing = 0;
		};
/* End PBXFrameworksBuildPhase section */

/* Begin PBXGroup section */
		1A490E8D749C679523C904A5 /* Frameworks */ = {
			isa = PBXGroup;
			children = (
				7FF586F41B075246502ABCA9 /* Pods_videoPlayer.framework */,
			);
			name = Frameworks;
			sourceTree = "<group>";
		};
		21EBBA225F3B1E9482E300C2 /* Pods */ = {
			isa = PBXGroup;
			children = (
				F91AB1672328C30138BA4C88 /* Pods-videoPlayer.debug.xcconfig */,
				85A0CA6EE0EA20E1A32AB751 /* Pods-videoPlayer.release.xcconfig */,
			);
			name = Pods;
			sourceTree = "<group>";
		};
		6526CA221F5FC3EA00EB4379 = {
			isa = PBXGroup;
			children = (
				6526CA2D1F5FC3EA00EB4379 /* videoPlayer */,
				6526CA2C1F5FC3EA00EB4379 /* Products */,
				21EBBA225F3B1E9482E300C2 /* Pods */,
				1A490E8D749C679523C904A5 /* Frameworks */,
			);
			sourceTree = "<group>";
		};
		6526CA2C1F5FC3EA00EB4379 /* Products */ = {
			isa = PBXGroup;
			children = (
				6526CA2B1F5FC3EA00EB4379 /* videoPlayer.app */,
			);
			name = Products;
			sourceTree = "<group>";
		};
		6526CA2D1F5FC3EA00EB4379 /* videoPlayer */ = {
			isa = PBXGroup;
			children = (
				6526CA2E1F5FC3EA00EB4379 /* AppDelegate.swift */,
				6526CA301F5FC3EA00EB4379 /* ViewController.swift */,
				6526CA351F5FC3EA00EB4379 /* Assets.xcassets */,
				6526CA371F5FC3EA00EB4379 /* LaunchScreen.storyboard */,
				6526CA3A1F5FC3EA00EB4379 /* Info.plist */,
			);
			path = videoPlayer;
			sourceTree = "<group>";
		};
/* End PBXGroup section */

/* Begin PBXNativeTarget section */
		6526CA2A1F5FC3EA00EB4379 /* videoPlayer */ = {
			isa = PBXNativeTarget;
			buildConfigurationList = 6526CA3D1F5FC3EA00EB4379 /* Build configuration list for PBXNativeTarget "videoPlayer" */;
			buildPhases = (
				0A9A5FBDBDDA9D4B15EB6FC5 /* [CP] Check Pods Manifest.lock */,
				6526CA271F5FC3EA00EB4379 /* Sources */,
				6526CA281F5FC3EA00EB4379 /* Frameworks */,
				6526CA291F5FC3EA00EB4379 /* Resources */,
				6526CA401F5FC42A00EB4379 /* swiftlint */,
				B36D94519EA0EC8CFD65F5B0 /* [CP] Embed Pods Frameworks */,
				7C15528077DF494D3F7A5CDE /* [CP] Copy Pods Resources */,
			);
			buildRules = (
			);
			dependencies = (
			);
			name = videoPlayer;
			productName = videoPlayer;
			productReference = 6526CA2B1F5FC3EA00EB4379 /* videoPlayer.app */;
			productType = "com.apple.product-type.application";
		};
/* End PBXNativeTarget section */

/* Begin PBXProject section */
		6526CA231F5FC3EA00EB4379 /* Project object */ = {
			isa = PBXProject;
			attributes = {
				LastSwiftUpdateCheck = 0900;
				LastUpgradeCheck = 0900;
				ORGANIZATIONNAME = "蘇冠禎";
				TargetAttributes = {
					6526CA2A1F5FC3EA00EB4379 = {
						CreatedOnToolsVersion = 9.0;
						ProvisioningStyle = Automatic;
					};
				};
			};
			buildConfigurationList = 6526CA261F5FC3EA00EB4379 /* Build configuration list for PBXProject "videoPlayer" */;
			compatibilityVersion = "Xcode 8.0";
			developmentRegion = en;
			hasScannedForEncodings = 0;
			knownRegions = (
				en,
				Base,
			);
			mainGroup = 6526CA221F5FC3EA00EB4379;
			productRefGroup = 6526CA2C1F5FC3EA00EB4379 /* Products */;
			projectDirPath = "";
			projectRoot = "";
			targets = (
				6526CA2A1F5FC3EA00EB4379 /* videoPlayer */,
			);
		};
/* End PBXProject section */

/* Begin PBXResourcesBuildPhase section */
		6526CA291F5FC3EA00EB4379 /* Resources */ = {
			isa = PBXResourcesBuildPhase;
			buildActionMask = 2147483647;
			files = (
				6526CA391F5FC3EA00EB4379 /* LaunchScreen.storyboard in Resources */,
				6526CA361F5FC3EA00EB4379 /* Assets.xcassets in Resources */,
			);
			runOnlyForDeploymentPostprocessing = 0;
		};
/* End PBXResourcesBuildPhase section */

/* Begin PBXShellScriptBuildPhase section */
		0A9A5FBDBDDA9D4B15EB6FC5 /* [CP] Check Pods Manifest.lock */ = {
			isa = PBXShellScriptBuildPhase;
			buildActionMask = 2147483647;
			files = (
			);
			inputPaths = (
			);
			name = "[CP] Check Pods Manifest.lock";
			outputPaths = (
			);
			runOnlyForDeploymentPostprocessing = 0;
			shellPath = /bin/sh;
			shellScript = "diff \"${PODS_ROOT}/../Podfile.lock\" \"${PODS_ROOT}/Manifest.lock\" > /dev/null\nif [ $? != 0 ] ; then\n    # print error to STDERR\n    echo \"error: The sandbox is not in sync with the Podfile.lock. Run 'pod install' or update your CocoaPods installation.\" >&2\n    exit 1\nfi\n";
			showEnvVarsInLog = 0;
		};
		6526CA401F5FC42A00EB4379 /* swiftlint */ = {
			isa = PBXShellScriptBuildPhase;
			buildActionMask = 2147483647;
			files = (
			);
			inputPaths = (
			);
			name = swiftlint;
			outputPaths = (
			);
			runOnlyForDeploymentPostprocessing = 0;
			shellPath = /bin/sh;
			shellScript = "if which swiftlint >/dev/null; then\nswiftlint\nelse\necho \"warning: SwiftLint not installed, download from https://github.com/realm/SwiftLint\"\nfi";
		};
		7C15528077DF494D3F7A5CDE /* [CP] Copy Pods Resources */ = {
			isa = PBXShellScriptBuildPhase;
			buildActionMask = 2147483647;
			files = (
			);
			inputPaths = (
			);
			name = "[CP] Copy Pods Resources";
			outputPaths = (
			);
			runOnlyForDeploymentPostprocessing = 0;
			shellPath = /bin/sh;
			shellScript = "\"${SRCROOT}/Pods/Target Support Files/Pods-videoPlayer/Pods-videoPlayer-resources.sh\"\n";
			showEnvVarsInLog = 0;
		};
		B36D94519EA0EC8CFD65F5B0 /* [CP] Embed Pods Frameworks */ = {
			isa = PBXShellScriptBuildPhase;
			buildActionMask = 2147483647;
			files = (
			);
			inputPaths = (
			);
			name = "[CP] Embed Pods Frameworks";
			outputPaths = (
			);
			runOnlyForDeploymentPostprocessing = 0;
			shellPath = /bin/sh;
			shellScript = "\"${SRCROOT}/Pods/Target Support Files/Pods-videoPlayer/Pods-videoPlayer-frameworks.sh\"\n";
			showEnvVarsInLog = 0;
		};
/* End PBXShellScriptBuildPhase section */

/* Begin PBXSourcesBuildPhase section */
		6526CA271F5FC3EA00EB4379 /* Sources */ = {
			isa = PBXSourcesBuildPhase;
			buildActionMask = 2147483647;
			files = (
				6526CA311F5FC3EA00EB4379 /* ViewController.swift in Sources */,
				6526CA2F1F5FC3EA00EB4379 /* AppDelegate.swift in Sources */,
			);
			runOnlyForDeploymentPostprocessing = 0;
		};
/* End PBXSourcesBuildPhase section */

/* Begin PBXVariantGroup section */
		6526CA371F5FC3EA00EB4379 /* LaunchScreen.storyboard */ = {
			isa = PBXVariantGroup;
			children = (
				6526CA381F5FC3EA00EB4379 /* Base */,
			);
			name = LaunchScreen.storyboard;
			sourceTree = "<group>";
		};
/* End PBXVariantGroup section */

/* Begin XCBuildConfiguration section */
		6526CA3B1F5FC3EA00EB4379 /* Debug */ = {
			isa = XCBuildConfiguration;
			buildSettings = {
				ALWAYS_SEARCH_USER_PATHS = NO;
				CLANG_ANALYZER_NONNULL = YES;
				CLANG_ANALYZER_NUMBER_OBJECT_CONVERSION = YES_AGGRESSIVE;
				CLANG_CXX_LANGUAGE_STANDARD = "gnu++14";
				CLANG_CXX_LIBRARY = "libc++";
				CLANG_ENABLE_MODULES = YES;
				CLANG_ENABLE_OBJC_ARC = YES;
				CLANG_WARN_BLOCK_CAPTURE_AUTORELEASING = YES;
				CLANG_WARN_BOOL_CONVERSION = YES;
				CLANG_WARN_COMMA = YES;
				CLANG_WARN_CONSTANT_CONVERSION = YES;
				CLANG_WARN_DIRECT_OBJC_ISA_USAGE = YES_ERROR;
				CLANG_WARN_DOCUMENTATION_COMMENTS = YES;
				CLANG_WARN_EMPTY_BODY = YES;
				CLANG_WARN_ENUM_CONVERSION = YES;
				CLANG_WARN_INFINITE_RECURSION = YES;
				CLANG_WARN_INT_CONVERSION = YES;
				CLANG_WARN_NON_LITERAL_NULL_CONVERSION = YES;
				CLANG_WARN_OBJC_LITERAL_CONVERSION = YES;
				CLANG_WARN_OBJC_ROOT_CLASS = YES_ERROR;
				CLANG_WARN_RANGE_LOOP_ANALYSIS = YES;
				CLANG_WARN_STRICT_PROTOTYPES = YES;
				CLANG_WARN_SUSPICIOUS_MOVE = YES;
				CLANG_WARN_UNGUARDED_AVAILABILITY = YES_AGGRESSIVE;
				CLANG_WARN_UNREACHABLE_CODE = YES;
				CLANG_WARN__DUPLICATE_METHOD_MATCH = YES;
				CODE_SIGN_IDENTITY = "iPhone Developer";
				COPY_PHASE_STRIP = NO;
				DEBUG_INFORMATION_FORMAT = dwarf;
				ENABLE_STRICT_OBJC_MSGSEND = YES;
				ENABLE_TESTABILITY = YES;
				GCC_C_LANGUAGE_STANDARD = gnu11;
				GCC_DYNAMIC_NO_PIC = NO;
				GCC_NO_COMMON_BLOCKS = YES;
				GCC_OPTIMIZATION_LEVEL = 0;
				GCC_PREPROCESSOR_DEFINITIONS = (
					"DEBUG=1",
					"$(inherited)",
				);
				GCC_WARN_64_TO_32_BIT_CONVERSION = YES;
				GCC_WARN_ABOUT_RETURN_TYPE = YES_ERROR;
				GCC_WARN_UNDECLARED_SELECTOR = YES;
				GCC_WARN_UNINITIALIZED_AUTOS = YES_AGGRESSIVE;
				GCC_WARN_UNUSED_FUNCTION = YES;
				GCC_WARN_UNUSED_VARIABLE = YES;
				IPHONEOS_DEPLOYMENT_TARGET = 11.0;
				MTL_ENABLE_DEBUG_INFO = YES;
				ONLY_ACTIVE_ARCH = YES;
				SDKROOT = iphoneos;
				SWIFT_ACTIVE_COMPILATION_CONDITIONS = DEBUG;
				SWIFT_OPTIMIZATION_LEVEL = "-Onone";
			};
			name = Debug;
		};
		6526CA3C1F5FC3EA00EB4379 /* Release */ = {
			isa = XCBuildConfiguration;
			buildSettings = {
				ALWAYS_SEARCH_USER_PATHS = NO;
				CLANG_ANALYZER_NONNULL = YES;
				CLANG_ANALYZER_NUMBER_OBJECT_CONVERSION = YES_AGGRESSIVE;
				CLANG_CXX_LANGUAGE_STANDARD = "gnu++14";
				CLANG_CXX_LIBRARY = "libc++";
				CLANG_ENABLE_MODULES = YES;
				CLANG_ENABLE_OBJC_ARC = YES;
				CLANG_WARN_BLOCK_CAPTURE_AUTORELEASING = YES;
				CLANG_WARN_BOOL_CONVERSION = YES;
				CLANG_WARN_COMMA = YES;
				CLANG_WARN_CONSTANT_CONVERSION = YES;
				CLANG_WARN_DIRECT_OBJC_ISA_USAGE = YES_ERROR;
				CLANG_WARN_DOCUMENTATION_COMMENTS = YES;
				CLANG_WARN_EMPTY_BODY = YES;
				CLANG_WARN_ENUM_CONVERSION = YES;
				CLANG_WARN_INFINITE_RECURSION = YES;
				CLANG_WARN_INT_CONVERSION = YES;
				CLANG_WARN_NON_LITERAL_NULL_CONVERSION = YES;
				CLANG_WARN_OBJC_LITERAL_CONVERSION = YES;
				CLANG_WARN_OBJC_ROOT_CLASS = YES_ERROR;
				CLANG_WARN_RANGE_LOOP_ANALYSIS = YES;
				CLANG_WARN_STRICT_PROTOTYPES = YES;
				CLANG_WARN_SUSPICIOUS_MOVE = YES;
				CLANG_WARN_UNGUARDED_AVAILABILITY = YES_AGGRESSIVE;
				CLANG_WARN_UNREACHABLE_CODE = YES;
				CLANG_WARN__DUPLICATE_METHOD_MATCH = YES;
				CODE_SIGN_IDENTITY = "iPhone Developer";
				COPY_PHASE_STRIP = NO;
				DEBUG_INFORMATION_FORMAT = "dwarf-with-dsym";
				ENABLE_NS_ASSERTIONS = NO;
				ENABLE_STRICT_OBJC_MSGSEND = YES;
				GCC_C_LANGUAGE_STANDARD = gnu11;
				GCC_NO_COMMON_BLOCKS = YES;
				GCC_WARN_64_TO_32_BIT_CONVERSION = YES;
				GCC_WARN_ABOUT_RETURN_TYPE = YES_ERROR;
				GCC_WARN_UNDECLARED_SELECTOR = YES;
				GCC_WARN_UNINITIALIZED_AUTOS = YES_AGGRESSIVE;
				GCC_WARN_UNUSED_FUNCTION = YES;
				GCC_WARN_UNUSED_VARIABLE = YES;
				IPHONEOS_DEPLOYMENT_TARGET = 11.0;
				MTL_ENABLE_DEBUG_INFO = NO;
				SDKROOT = iphoneos;
				SWIFT_OPTIMIZATION_LEVEL = "-Owholemodule";
				VALIDATE_PRODUCT = YES;
			};
			name = Release;
		};
		6526CA3E1F5FC3EA00EB4379 /* Debug */ = {
			isa = XCBuildConfiguration;
			baseConfigurationReference = F91AB1672328C30138BA4C88 /* Pods-videoPlayer.debug.xcconfig */;
			buildSettings = {
				ASSETCATALOG_COMPILER_APPICON_NAME = AppIcon;
				CODE_SIGN_STYLE = Automatic;
				DEVELOPMENT_TEAM = XV2QHSQ5K4;
				INFOPLIST_FILE = videoPlayer/Info.plist;
				LD_RUNPATH_SEARCH_PATHS = "$(inherited) @executable_path/Frameworks";
				PRODUCT_BUNDLE_IDENTIFIER = com.guanjhensu.videoPlayer;
				PRODUCT_NAME = "$(TARGET_NAME)";
				SWIFT_VERSION = 4.0;
				TARGETED_DEVICE_FAMILY = "1,2";
			};
			name = Debug;
		};
		6526CA3F1F5FC3EA00EB4379 /* Release */ = {
			isa = XCBuildConfiguration;
			baseConfigurationReference = 85A0CA6EE0EA20E1A32AB751 /* Pods-videoPlayer.release.xcconfig */;
			buildSettings = {
				ASSETCATALOG_COMPILER_APPICON_NAME = AppIcon;
				CODE_SIGN_STYLE = Automatic;
				DEVELOPMENT_TEAM = XV2QHSQ5K4;
				INFOPLIST_FILE = videoPlayer/Info.plist;
				LD_RUNPATH_SEARCH_PATHS = "$(inherited) @executable_path/Frameworks";
				PRODUCT_BUNDLE_IDENTIFIER = com.guanjhensu.videoPlayer;
				PRODUCT_NAME = "$(TARGET_NAME)";
				SWIFT_VERSION = 4.0;
				TARGETED_DEVICE_FAMILY = "1,2";
			};
			name = Release;
		};
/* End XCBuildConfiguration section */

/* Begin XCConfigurationList section */
		6526CA261F5FC3EA00EB4379 /* Build configuration list for PBXProject "videoPlayer" */ = {
			isa = XCConfigurationList;
			buildConfigurations = (
				6526CA3B1F5FC3EA00EB4379 /* Debug */,
				6526CA3C1F5FC3EA00EB4379 /* Release */,
			);
			defaultConfigurationIsVisible = 0;
			defaultConfigurationName = Release;
		};
		6526CA3D1F5FC3EA00EB4379 /* Build configuration list for PBXNativeTarget "videoPlayer" */ = {
			isa = XCConfigurationList;
			buildConfigurations = (
				6526CA3E1F5FC3EA00EB4379 /* Debug */,
				6526CA3F1F5FC3EA00EB4379 /* Release */,
			);
			defaultConfigurationIsVisible = 0;
			defaultConfigurationName = Release;
		};
/* End XCConfigurationList section */
	};
	rootObject = 6526CA231F5FC3EA00EB4379 /* Project object */;
}
